
Microsoft Visual Studio Solution File, Format Version 12.00
# Visual Studio Version 17
VisualStudioVersion = 17.3.32929.385
MinimumVisualStudioVersion = 10.0.40219.1
Project("{FAE04EC0-301F-11D3-BF4B-00C04F79EFBC}") = "amor-web", "amor-web\amor-web.csproj", "{DB92D49A-31E2-4387-8185-3079EF4EE804}"
EndProject
Global
	GlobalSection(SolutionConfigurationPlatforms) = preSolution
		Debug|Any CPU = Debug|Any CPU
		Release|Any CPU = Release|Any CPU
	EndGlobalSection
	GlobalSection(ProjectConfigurationPlatforms) = postSolution
		{DB92D49A-31E2-4387-8185-3079EF4EE804}.Debug|Any CPU.ActiveCfg = Debug|Any CPU
		{DB92D49A-31E2-4387-8185-3079EF4EE804}.Debug|Any CPU.Build.0 = Debug|Any CPU
		{DB92D49A-31E2-4387-8185-3079EF4EE804}.Release|Any CPU.ActiveCfg = Release|Any CPU
		{DB92D49A-31E2-4387-8185-3079EF4EE804}.Release|Any CPU.Build.0 = Release|Any CPU
	EndGlobalSection
	GlobalSection(SolutionProperties) = preSolution
		HideSolutionNode = FALSE
	EndGlobalSection
	GlobalSection(ExtensibilityGlobals) = postSolution
		SolutionGuid = {0FE2ACF1-25CC-4099-B49A-4EAB08AA7C6E}
	EndGlobalSection
EndGlobal
